
Microsoft Visual Studio Solution File, Format Version 12.00
# Visual Studio Version 17
VisualStudioVersion = 17.4.33213.308
MinimumVisualStudioVersion = 10.0.40219.1
Project("{FAE04EC0-301F-11D3-BF4B-00C04F79EFBC}") = "Genshin Puzzle 1", "Genshin Puzzle 1\Genshin Puzzle 1.csproj", "{EC46C897-1144-4C4B-A51F-25A1048AEB96}"
EndProject
Global
	GlobalSection(SolutionConfigurationPlatforms) = preSolution
		Debug|Any CPU = Debug|Any CPU
		Release|Any CPU = Release|Any CPU
	EndGlobalSection
	GlobalSection(ProjectConfigurationPlatforms) = postSolution
		{EC46C897-1144-4C4B-A51F-25A1048AEB96}.Debug|Any CPU.ActiveCfg = Debug|Any CPU
		{EC46C897-1144-4C4B-A51F-25A1048AEB96}.Debug|Any CPU.Build.0 = Debug|Any CPU
		{EC46C897-1144-4C4B-A51F-25A1048AEB96}.Release|Any CPU.ActiveCfg = Release|Any CPU
		{EC46C897-1144-4C4B-A51F-25A1048AEB96}.Release|Any CPU.Build.0 = Release|Any CPU
	EndGlobalSection
	GlobalSection(SolutionProperties) = preSolution
		HideSolutionNode = FALSE
	EndGlobalSection
	GlobalSection(ExtensibilityGlobals) = postSolution
		SolutionGuid = {15793C52-75B6-4CD0-B164-F293C77AA321}
	EndGlobalSection
EndGlobal
