
Microsoft Visual Studio Solution File, Format Version 12.00
# Visual Studio Version 17
VisualStudioVersion = 17.4.33213.308
MinimumVisualStudioVersion = 10.0.40219.1
Project("{FAE04EC0-301F-11D3-BF4B-00C04F79EFBC}") = "LinqToSql", "LinqToSql\LinqToSql.csproj", "{5DE91B89-FD28-4ED7-B62E-36FB17B4B923}"
EndProject
Global
	GlobalSection(SolutionConfigurationPlatforms) = preSolution
		Debug|Any CPU = Debug|Any CPU
		Release|Any CPU = Release|Any CPU
	EndGlobalSection
	GlobalSection(ProjectConfigurationPlatforms) = postSolution
		{5DE91B89-FD28-4ED7-B62E-36FB17B4B923}.Debug|Any CPU.ActiveCfg = Debug|Any CPU
		{5DE91B89-FD28-4ED7-B62E-36FB17B4B923}.Debug|Any CPU.Build.0 = Debug|Any CPU
		{5DE91B89-FD28-4ED7-B62E-36FB17B4B923}.Release|Any CPU.ActiveCfg = Release|Any CPU
		{5DE91B89-FD28-4ED7-B62E-36FB17B4B923}.Release|Any CPU.Build.0 = Release|Any CPU
	EndGlobalSection
	GlobalSection(SolutionProperties) = preSolution
		HideSolutionNode = FALSE
	EndGlobalSection
	GlobalSection(ExtensibilityGlobals) = postSolution
		SolutionGuid = {E0125806-94F8-4979-9B39-AA5CA4AF4C1C}
	EndGlobalSection
EndGlobal
