
Microsoft Visual Studio Solution File, Format Version 12.00
# Visual Studio Version 17
VisualStudioVersion = 17.4.33213.308
MinimumVisualStudioVersion = 10.0.40219.1
Project("{FAE04EC0-301F-11D3-BF4B-00C04F79EFBC}") = "Employee_Bosses", "Employee_Bosses\Employee_Bosses.csproj", "{634D05AC-3E6B-4193-8AE8-57C504454ACD}"
EndProject
Global
	GlobalSection(SolutionConfigurationPlatforms) = preSolution
		Debug|Any CPU = Debug|Any CPU
		Release|Any CPU = Release|Any CPU
	EndGlobalSection
	GlobalSection(ProjectConfigurationPlatforms) = postSolution
		{634D05AC-3E6B-4193-8AE8-57C504454ACD}.Debug|Any CPU.ActiveCfg = Debug|Any CPU
		{634D05AC-3E6B-4193-8AE8-57C504454ACD}.Debug|Any CPU.Build.0 = Debug|Any CPU
		{634D05AC-3E6B-4193-8AE8-57C504454ACD}.Release|Any CPU.ActiveCfg = Release|Any CPU
		{634D05AC-3E6B-4193-8AE8-57C504454ACD}.Release|Any CPU.Build.0 = Release|Any CPU
	EndGlobalSection
	GlobalSection(SolutionProperties) = preSolution
		HideSolutionNode = FALSE
	EndGlobalSection
	GlobalSection(ExtensibilityGlobals) = postSolution
		SolutionGuid = {C59B6630-1F4A-4393-9222-E8CF9B29C70D}
	EndGlobalSection
EndGlobal
