
Microsoft Visual Studio Solution File, Format Version 12.00
# Visual Studio Version 17
VisualStudioVersion = 17.4.33213.308
MinimumVisualStudioVersion = 10.0.40219.1
Project("{FAE04EC0-301F-11D3-BF4B-00C04F79EFBC}") = "Switch", "Switch\Switch.csproj", "{5EAF8667-2433-47F5-AA2B-010F8D6DB8C6}"
EndProject
Global
	GlobalSection(SolutionConfigurationPlatforms) = preSolution
		Debug|Any CPU = Debug|Any CPU
		Release|Any CPU = Release|Any CPU
	EndGlobalSection
	GlobalSection(ProjectConfigurationPlatforms) = postSolution
		{5EAF8667-2433-47F5-AA2B-010F8D6DB8C6}.Debug|Any CPU.ActiveCfg = Debug|Any CPU
		{5EAF8667-2433-47F5-AA2B-010F8D6DB8C6}.Debug|Any CPU.Build.0 = Debug|Any CPU
		{5EAF8667-2433-47F5-AA2B-010F8D6DB8C6}.Release|Any CPU.ActiveCfg = Release|Any CPU
		{5EAF8667-2433-47F5-AA2B-010F8D6DB8C6}.Release|Any CPU.Build.0 = Release|Any CPU
	EndGlobalSection
	GlobalSection(SolutionProperties) = preSolution
		HideSolutionNode = FALSE
	EndGlobalSection
	GlobalSection(ExtensibilityGlobals) = postSolution
		SolutionGuid = {C63D3A59-592B-4EA4-A6C9-D03573949804}
	EndGlobalSection
EndGlobal
